
Microsoft Visual Studio Solution File, Format Version 12.00
# Visual Studio Version 17
VisualStudioVersion = 17.1.32421.90
MinimumVisualStudioVersion = 10.0.40219.1
Project("{FAE04EC0-301F-11D3-BF4B-00C04F79EFBC}") = "Webdriver_Automation_Tests", "Webdriver_Automation_Tests\Webdriver_Automation_Tests.csproj", "{B0A5D352-5DCB-43AB-81CF-F613C20125A7}"
EndProject
Global
	GlobalSection(SolutionConfigurationPlatforms) = preSolution
		Debug|Any CPU = Debug|Any CPU
		Release|Any CPU = Release|Any CPU
	EndGlobalSection
	GlobalSection(ProjectConfigurationPlatforms) = postSolution
		{B0A5D352-5DCB-43AB-81CF-F613C20125A7}.Debug|Any CPU.ActiveCfg = Debug|Any CPU
		{B0A5D352-5DCB-43AB-81CF-F613C20125A7}.Debug|Any CPU.Build.0 = Debug|Any CPU
		{B0A5D352-5DCB-43AB-81CF-F613C20125A7}.Release|Any CPU.ActiveCfg = Release|Any CPU
		{B0A5D352-5DCB-43AB-81CF-F613C20125A7}.Release|Any CPU.Build.0 = Release|Any CPU
	EndGlobalSection
	GlobalSection(SolutionProperties) = preSolution
		HideSolutionNode = FALSE
	EndGlobalSection
	GlobalSection(ExtensibilityGlobals) = postSolution
		SolutionGuid = {62C14033-F7E0-4247-B9DC-9B77BF965A86}
	EndGlobalSection
EndGlobal
